{
  "name": "cortex",
  "version": "0.1.0",
  "lockfileVersion": 3,
  "requires": true,
  "packages": {
    "": {
      "name": "cortex",
      "version": "0.1.0",
      "workspaces": [
        "apps/*",
        "packages/*"
      ],
      "devDependencies": {
        "typescript": "^5.8.0"
      }
    },
    "apps/desktop": {
      "name": "@cortex/desktop",
      "version": "0.1.0"
    },
    "node_modules/@cortex/agent-runtime": {
      "resolved": "packages/agent-runtime",
      "link": true
    },
    "node_modules/@cortex/config": {
      "resolved": "packages/config",
      "link": true
    },
    "node_modules/@cortex/contracts": {
      "resolved": "packages/contracts",
      "link": true
    },
    "node_modules/@cortex/core": {
      "resolved": "packages/core",
      "link": true
    },
    "node_modules/@cortex/database": {
      "resolved": "packages/database",
      "link": true
    },
    "node_modules/@cortex/desktop": {
      "resolved": "apps/desktop",
      "link": true
    },
    "node_modules/@cortex/filesystem": {
      "resolved": "packages/filesystem",
      "link": true
    },
    "node_modules/typescript": {
      "version": "5.9.3",
      "resolved": "https://registry.npmjs.org/typescript/-/typescript-5.9.3.tgz",
      "integrity": "sha512-jl1vZzPDinLr9eUt3J/t7V6FgNEw9QjvBPdysz9KfQDD41fQrC2Y4vKQdiaUpFT4bXlb1RHhLpp8wtm6M5TgSw==",
      "dev": true,
      "license": "Apache-2.0",
      "bin": {
        "tsc": "bin/tsc",
        "tsserver": "bin/tsserver"
      },
      "engines": {
        "node": ">=14.17"
      }
    },
    "packages/agent-runtime": {
      "name": "@cortex/agent-runtime",
      "version": "0.1.0"
    },
    "packages/config": {
      "name": "@cortex/config",
      "version": "0.1.0"
    },
    "packages/contracts": {
      "name": "@cortex/contracts",
      "version": "0.1.0"
    },
    "packages/core": {
      "name": "@cortex/core",
      "version": "0.1.0"
    },
    "packages/database": {
      "name": "@cortex/database",
      "version": "0.1.0"
    },
    "packages/filesystem": {
      "name": "@cortex/filesystem",
      "version": "0.1.0"
    }
  }
}
